%{
  "benchee": {:hex, :benchee, "1.0.1", "66b211f9bfd84bd97e6d1beaddf8fc2312aaabe192f776e8931cb0c16f53a521", [:mix], [{:deep_merge, "~> 1.0", [hex: :deep_merge, repo: "hexpm", optional: false]}], "hexpm", "3ad58ae787e9c7c94dd7ceda3b587ec2c64604563e049b2a0e8baafae832addb"},
  "deep_merge": {:hex, :deep_merge, "1.0.0", "b4aa1a0d1acac393bdf38b2291af38cb1d4a52806cf7a4906f718e1feb5ee961", [:mix], [], "hexpm", "ce708e5f094b9cd4e8f2be4f00d2f4250c4095be93f8cd6d018c753894885430"},
  "elixpath": {:hex, :elixpath, "0.1.0", "f860e931db7bda6856dc68145694ca429643cc068ef30d7ff6b4096d4357963e", [:mix], [{:nimble_parsec, "~> 0.5", [hex: :nimble_parsec, repo: "hexpm", optional: false]}], "hexpm", "30ce06079b41f1f5216ea2cd11605cfe4c82239628555cb3fde9f10055a6eb67"},
  "exjsonpath": {:hex, :exjsonpath, "0.9.0", "87e593eb0deb53aa0688ca9f9edc9fb3456aca83c82245f83201ea04d696feba", [:mix], [], "hexpm", "8d7a8e9ba784e1f7a67c6f1074a3ac91a3a79a45969514ee5d95cea5bf749627"},
  "fast_xml": {:hex, :fast_xml, "1.1.47", "bd1d6c081b69c7bce0d2f22b013c1b864ed2588d48f34e2156d9428f8f772c66", [:rebar3], [{:p1_utils, "1.0.23", [hex: :p1_utils, repo: "hexpm", optional: false]}], "hexpm", "dd014c45247498effb9a28cf98cb716db79be635ad1e98c951240763119f24c7"},
  "file_system": {:hex, :file_system, "0.2.10", "fb082005a9cd1711c05b5248710f8826b02d7d1784e7c3451f9c1231d4fc162d", [:mix], [], "hexpm", "41195edbfb562a593726eda3b3e8b103a309b733ad25f3d642ba49696bf715dc"},
  "floki": {:hex, :floki, "0.31.0", "f05ee8a8e6a3ced4e62beeb2c79a63bc8e12ab98fbaaf6e6a3d9b76b1278e23f", [:mix], [{:html_entities, "~> 0.5.0", [hex: :html_entities, repo: "hexpm", optional: false]}], "hexpm", "b05afa372f5c345a5bf240ac25ea1f0f3d5fcfd7490ac0beeb4a203f9444891e"},
  "hexml": {:hex, :hexml, "3.0.5", "2a79262a744a9b100a9a27a8e76eadcf146f17653daba2a88a74c8cf5b06adf3", [:rebar3], [], "hexpm", "426b50fa455c95760ba4f7c75ed76f90a58837742cbe38a86c6a75befa383907"},
  "html_entities": {:hex, :html_entities, "0.5.2", "9e47e70598da7de2a9ff6af8758399251db6dbb7eebe2b013f2bbd2515895c3c", [:mix], [], "hexpm", "c53ba390403485615623b9531e97696f076ed415e8d8058b1dbaa28181f4fdcc"},
  "jason": {:hex, :jason, "1.2.2", "ba43e3f2709fd1aa1dce90aaabfd039d000469c05c56f0b8e31978e03fa39052", [:mix], [{:decimal, "~> 1.0 or ~> 2.0", [hex: :decimal, repo: "hexpm", optional: true]}], "hexpm", "18a228f5f0058ee183f29f9eae0805c6e59d61c3b006760668d8d18ff0d12179"},
  "mix_test_interactive": {:hex, :mix_test_interactive, "1.0.1", "8202ea171e69f8c12bd050981a052d70bec58f6ad8443b4bd8cd23cb11ed6747", [:mix], [{:file_system, "~> 0.2", [hex: :file_system, repo: "hexpm", optional: false]}, {:typed_struct, "~> 0.2.1", [hex: :typed_struct, repo: "hexpm", optional: false]}], "hexpm", "aaee7d3b62615457f422f7f9ed6a31f7f081a70c92c32df46eda4df4cf42bade"},
  "nimble_parsec": {:hex, :nimble_parsec, "0.6.0", "32111b3bf39137144abd7ba1cce0914533b2d16ef35e8abc5ec8be6122944263", [:mix], [], "hexpm", "27eac315a94909d4dc68bc07a4a83e06c8379237c5ea528a9acff4ca1c873c52"},
  "p1_utils": {:hex, :p1_utils, "1.0.23", "7f94466ada69bd982ea7bb80fbca18e7053e7d0b82c9d9e37621fa508587069b", [:rebar3], [], "hexpm", "47f21618694eeee5006af1c88731ad86b757161e7823c29b6f73921b571c8502"},
  "pathex": {:hex, :pathex, "1.2.0", "735dd6f5ebc56c3f72d0f33839271975de3bedf2e66bc5282f11101bed050c0a", [:mix], [], "hexpm", "2bbbd09be933b5146acaa43b633ffa9c3f318fd09df0a104e73b695f443aac9c"},
  "sax_map": {:hex, :sax_map, "1.0.0", "98136010f956273ccf34cc4d0c2dd5cc0de82d1447801f1c296de0c8c9c5f6ce", [:mix], [{:saxy, "~> 1.0", [hex: :saxy, repo: "hexpm", optional: false]}], "hexpm", "a76bcf14ef58b9f587f96558217ede99d11ea47e0e63ce8eb8b5ee001832adf4"},
  "saxy": {:hex, :saxy, "1.4.0", "c7203ad20001f72eaaad07d08f82be063fa94a40924e6bb39d93d55f979abcba", [:mix], [], "hexpm", "3fe790354d3f2234ad0b5be2d99822a23fa2d4e8ccd6657c672901dac172e9a9"},
  "sweet_xml": {:hex, :sweet_xml, "0.7.1", "a2cac8e2101237e617dfa9d427d44b8aff38ba6294f313ffb4667524d6b71b98", [:mix], [], "hexpm", "8bc7b7b584a6a87113071d0d2fd39fe2251cf2224ecaeed7093bdac1b9c1555f"},
  "telepath": {:hex, :telepath, "0.1.3", "44451a06fb66fda913b0ba536cd84015f24e9b61acc4d1b0a790343c0dfe0b41", [:mix], [], "hexpm", "fa3d211cda04ed77136db6d26623122a5fe56b03fa0530964a47c6e065ebab0c"},
  "typed_struct": {:hex, :typed_struct, "0.2.1", "e1993414c371f09ff25231393b6430bd89d780e2a499ae3b2d2b00852f593d97", [:mix], [], "hexpm", "8f5218c35ec38262f627b2c522542f1eae41f625f92649c0af701a6fab2e11b3"},
  "warpath": {:hex, :warpath, "0.6.2", "b8732d447378c8b353db7cdc9e2674b0f2276eab0aa489af19161834d0a10706", [:mix], [{:jason, "~> 1.2", [hex: :jason, repo: "hexpm", optional: false]}], "hexpm", "ab4c579b26383e026087c587dd1d28991e6cb74c4dd0ed23bb81a190344eb004"},
  "xml_json": {:hex, :xml_json, "0.4.2", "dfb8f34e5dc82b2642ea71bc92b853098f8d110367d40e26c634244bc2ebe04c", [:mix], [{:saxy, "~> 1.2", [hex: :saxy, repo: "hexpm", optional: false]}], "hexpm", "9102dfa0b2878a8808262d1602185543735acd933c978fb4c4a1b065c5f0ec79"},
}
